
Microsoft Visual Studio Solution File, Format Version 12.00
# Visual Studio 15
VisualStudioVersion = 15.0.26124.0
MinimumVisualStudioVersion = 15.0.26124.0
Project("{FAE04EC0-301F-11D3-BF4B-00C04F79EFBC}") = "PaymentContext.Domain", "PaymentContext.Domain\PaymentContext.Domain.csproj", "{AE578ED9-510F-49C2-8DEA-F5A4D9D0850B}"
EndProject
Project("{FAE04EC0-301F-11D3-BF4B-00C04F79EFBC}") = "PaymentContext.Shared", "PaymentContext.Shared\PaymentContext.Shared.csproj", "{A277CC45-0090-4D66-BB5E-44087E42115C}"
EndProject
Project("{FAE04EC0-301F-11D3-BF4B-00C04F79EFBC}") = "PaymentContext.Tests", "PaymentContext.Tests\PaymentContext.Tests.csproj", "{0D5BC8E9-3FC0-4EBE-ADEA-022DC922FDE1}"
EndProject
Global
	GlobalSection(SolutionConfigurationPlatforms) = preSolution
		Debug|Any CPU = Debug|Any CPU
		Debug|x64 = Debug|x64
		Debug|x86 = Debug|x86
		Release|Any CPU = Release|Any CPU
		Release|x64 = Release|x64
		Release|x86 = Release|x86
	EndGlobalSection
	GlobalSection(SolutionProperties) = preSolution
		HideSolutionNode = FALSE
	EndGlobalSection
	GlobalSection(ProjectConfigurationPlatforms) = postSolution
		{AE578ED9-510F-49C2-8DEA-F5A4D9D0850B}.Debug|Any CPU.ActiveCfg = Debug|Any CPU
		{AE578ED9-510F-49C2-8DEA-F5A4D9D0850B}.Debug|Any CPU.Build.0 = Debug|Any CPU
		{AE578ED9-510F-49C2-8DEA-F5A4D9D0850B}.Debug|x64.ActiveCfg = Debug|Any CPU
		{AE578ED9-510F-49C2-8DEA-F5A4D9D0850B}.Debug|x64.Build.0 = Debug|Any CPU
		{AE578ED9-510F-49C2-8DEA-F5A4D9D0850B}.Debug|x86.ActiveCfg = Debug|Any CPU
		{AE578ED9-510F-49C2-8DEA-F5A4D9D0850B}.Debug|x86.Build.0 = Debug|Any CPU
		{AE578ED9-510F-49C2-8DEA-F5A4D9D0850B}.Release|Any CPU.ActiveCfg = Release|Any CPU
		{AE578ED9-510F-49C2-8DEA-F5A4D9D0850B}.Release|Any CPU.Build.0 = Release|Any CPU
		{AE578ED9-510F-49C2-8DEA-F5A4D9D0850B}.Release|x64.ActiveCfg = Release|Any CPU
		{AE578ED9-510F-49C2-8DEA-F5A4D9D0850B}.Release|x64.Build.0 = Release|Any CPU
		{AE578ED9-510F-49C2-8DEA-F5A4D9D0850B}.Release|x86.ActiveCfg = Release|Any CPU
		{AE578ED9-510F-49C2-8DEA-F5A4D9D0850B}.Release|x86.Build.0 = Release|Any CPU
		{A277CC45-0090-4D66-BB5E-44087E42115C}.Debug|Any CPU.ActiveCfg = Debug|Any CPU
		{A277CC45-0090-4D66-BB5E-44087E42115C}.Debug|Any CPU.Build.0 = Debug|Any CPU
		{A277CC45-0090-4D66-BB5E-44087E42115C}.Debug|x64.ActiveCfg = Debug|Any CPU
		{A277CC45-0090-4D66-BB5E-44087E42115C}.Debug|x64.Build.0 = Debug|Any CPU
		{A277CC45-0090-4D66-BB5E-44087E42115C}.Debug|x86.ActiveCfg = Debug|Any CPU
		{A277CC45-0090-4D66-BB5E-44087E42115C}.Debug|x86.Build.0 = Debug|Any CPU
		{A277CC45-0090-4D66-BB5E-44087E42115C}.Release|Any CPU.ActiveCfg = Release|Any CPU
		{A277CC45-0090-4D66-BB5E-44087E42115C}.Release|Any CPU.Build.0 = Release|Any CPU
		{A277CC45-0090-4D66-BB5E-44087E42115C}.Release|x64.ActiveCfg = Release|Any CPU
		{A277CC45-0090-4D66-BB5E-44087E42115C}.Release|x64.Build.0 = Release|Any CPU
		{A277CC45-0090-4D66-BB5E-44087E42115C}.Release|x86.ActiveCfg = Release|Any CPU
		{A277CC45-0090-4D66-BB5E-44087E42115C}.Release|x86.Build.0 = Release|Any CPU
		{0D5BC8E9-3FC0-4EBE-ADEA-022DC922FDE1}.Debug|Any CPU.ActiveCfg = Debug|Any CPU
		{0D5BC8E9-3FC0-4EBE-ADEA-022DC922FDE1}.Debug|Any CPU.Build.0 = Debug|Any CPU
		{0D5BC8E9-3FC0-4EBE-ADEA-022DC922FDE1}.Debug|x64.ActiveCfg = Debug|Any CPU
		{0D5BC8E9-3FC0-4EBE-ADEA-022DC922FDE1}.Debug|x64.Build.0 = Debug|Any CPU
		{0D5BC8E9-3FC0-4EBE-ADEA-022DC922FDE1}.Debug|x86.ActiveCfg = Debug|Any CPU
		{0D5BC8E9-3FC0-4EBE-ADEA-022DC922FDE1}.Debug|x86.Build.0 = Debug|Any CPU
		{0D5BC8E9-3FC0-4EBE-ADEA-022DC922FDE1}.Release|Any CPU.ActiveCfg = Release|Any CPU
		{0D5BC8E9-3FC0-4EBE-ADEA-022DC922FDE1}.Release|Any CPU.Build.0 = Release|Any CPU
		{0D5BC8E9-3FC0-4EBE-ADEA-022DC922FDE1}.Release|x64.ActiveCfg = Release|Any CPU
		{0D5BC8E9-3FC0-4EBE-ADEA-022DC922FDE1}.Release|x64.Build.0 = Release|Any CPU
		{0D5BC8E9-3FC0-4EBE-ADEA-022DC922FDE1}.Release|x86.ActiveCfg = Release|Any CPU
		{0D5BC8E9-3FC0-4EBE-ADEA-022DC922FDE1}.Release|x86.Build.0 = Release|Any CPU
	EndGlobalSection
EndGlobal
